
Microsoft Visual Studio Solution File, Format Version 12.00
# Visual Studio 15
VisualStudioVersion = 15.0.28307.168
MinimumVisualStudioVersion = 10.0.40219.1
Project("{9A19103F-16F7-4668-BE54-9A1E7A4F7556}") = "DisplaySweet", "DisplaySweet\DisplaySweet.csproj", "{C307D5D3-A8C5-420D-83D1-5FDB0E760FE2}"
EndProject
Project("{FAE04EC0-301F-11D3-BF4B-00C04F79EFBC}") = "DisplaySweetWeb", "DisplaySweetWeb\DisplaySweetWeb.csproj", "{CC8FA31D-F058-4A71-B6F4-01A7CCE92DF2}"
EndProject
Global
	GlobalSection(SolutionConfigurationPlatforms) = preSolution
		Debug|Any CPU = Debug|Any CPU
		Release|Any CPU = Release|Any CPU
	EndGlobalSection
	GlobalSection(ProjectConfigurationPlatforms) = postSolution
		{C307D5D3-A8C5-420D-83D1-5FDB0E760FE2}.Debug|Any CPU.ActiveCfg = Debug|Any CPU
		{C307D5D3-A8C5-420D-83D1-5FDB0E760FE2}.Debug|Any CPU.Build.0 = Debug|Any CPU
		{C307D5D3-A8C5-420D-83D1-5FDB0E760FE2}.Release|Any CPU.ActiveCfg = Release|Any CPU
		{C307D5D3-A8C5-420D-83D1-5FDB0E760FE2}.Release|Any CPU.Build.0 = Release|Any CPU
		{CC8FA31D-F058-4A71-B6F4-01A7CCE92DF2}.Debug|Any CPU.ActiveCfg = Debug|Any CPU
		{CC8FA31D-F058-4A71-B6F4-01A7CCE92DF2}.Debug|Any CPU.Build.0 = Debug|Any CPU
		{CC8FA31D-F058-4A71-B6F4-01A7CCE92DF2}.Release|Any CPU.ActiveCfg = Release|Any CPU
		{CC8FA31D-F058-4A71-B6F4-01A7CCE92DF2}.Release|Any CPU.Build.0 = Release|Any CPU
	EndGlobalSection
	GlobalSection(SolutionProperties) = preSolution
		HideSolutionNode = FALSE
	EndGlobalSection
	GlobalSection(ExtensibilityGlobals) = postSolution
		SolutionGuid = {6924F0CD-F91F-415F-9A66-84C79AC28170}
	EndGlobalSection
EndGlobal
